
Microsoft Visual Studio Solution File, Format Version 12.00
# Visual Studio 15
VisualStudioVersion = 15.0.27703.2000
MinimumVisualStudioVersion = 10.0.40219.1
Project("{FAE04EC0-301F-11D3-BF4B-00C04F79EFBC}") = "Centare.Extensions", "Centare.Extensions\Centare.Extensions.csproj", "{B6BACF16-71EC-43B6-BC7A-A00DA9DC184E}"
EndProject
Project("{FAE04EC0-301F-11D3-BF4B-00C04F79EFBC}") = "Centare.Extensions.Tests", "Centare.Extensions.Tests\Centare.Extensions.Tests.csproj", "{A8D48F5D-E09A-457C-A5DE-26753F6D945E}"
EndProject
Global
	GlobalSection(SolutionConfigurationPlatforms) = preSolution
		Debug|Any CPU = Debug|Any CPU
		Release|Any CPU = Release|Any CPU
	EndGlobalSection
	GlobalSection(ProjectConfigurationPlatforms) = postSolution
		{B6BACF16-71EC-43B6-BC7A-A00DA9DC184E}.Debug|Any CPU.ActiveCfg = Debug|Any CPU
		{B6BACF16-71EC-43B6-BC7A-A00DA9DC184E}.Debug|Any CPU.Build.0 = Debug|Any CPU
		{B6BACF16-71EC-43B6-BC7A-A00DA9DC184E}.Release|Any CPU.ActiveCfg = Release|Any CPU
		{B6BACF16-71EC-43B6-BC7A-A00DA9DC184E}.Release|Any CPU.Build.0 = Release|Any CPU
		{A8D48F5D-E09A-457C-A5DE-26753F6D945E}.Debug|Any CPU.ActiveCfg = Debug|Any CPU
		{A8D48F5D-E09A-457C-A5DE-26753F6D945E}.Debug|Any CPU.Build.0 = Debug|Any CPU
		{A8D48F5D-E09A-457C-A5DE-26753F6D945E}.Release|Any CPU.ActiveCfg = Release|Any CPU
		{A8D48F5D-E09A-457C-A5DE-26753F6D945E}.Release|Any CPU.Build.0 = Release|Any CPU
	EndGlobalSection
	GlobalSection(SolutionProperties) = preSolution
		HideSolutionNode = FALSE
	EndGlobalSection
	GlobalSection(ExtensibilityGlobals) = postSolution
		SolutionGuid = {94596323-514B-469B-A0C1-970FBDB7C591}
	EndGlobalSection
EndGlobal
